// !$*UTF8*$!
{
	archiveVersion = 1;
	classes = {
	};
	objectVersion = 55;
	objects = {

/* Begin PBXBuildFile section */
		460820DC2886964A00B6AA5C /* MedinologyApp.swift in Sources */ = {isa = PBXBuildFile; fileRef = 460820DB2886964A00B6AA5C /* MedinologyApp.swift */; };
		460820DE2886964A00B6AA5C /* ContentView.swift in Sources */ = {isa = PBXBuildFile; fileRef = 460820DD2886964A00B6AA5C /* ContentView.swift */; };
		460820E02886964B00B6AA5C /* Assets.xcassets in Resources */ = {isa = PBXBuildFile; fileRef = 460820DF2886964B00B6AA5C /* Assets.xcassets */; };
		460820E32886964B00B6AA5C /* Preview Assets.xcassets in Resources */ = {isa = PBXBuildFile; fileRef = 460820E22886964B00B6AA5C /* Preview Assets.xcassets */; };
		460820EA288708FB00B6AA5C /* symptoms.txt in Resources */ = {isa = PBXBuildFile; fileRef = 460820E9288708FB00B6AA5C /* symptoms.txt */; };
		460820EE288710C900B6AA5C /* native_code.cpp in Sources */ = {isa = PBXBuildFile; fileRef = 460820EC288710C900B6AA5C /* native_code.cpp */; };
		46082C2E288712E500B6AA5C /* native_code_wrapper.m in Sources */ = {isa = PBXBuildFile; fileRef = 46082C2D288712E500B6AA5C /* native_code_wrapper.m */; };
		46082C3028878FBE00B6AA5C /* weights.txt in Resources */ = {isa = PBXBuildFile; fileRef = 46082C2F28878FBE00B6AA5C /* weights.txt */; };
		4641EEB5288797CB00B219F5 /* log.m in Sources */ = {isa = PBXBuildFile; fileRef = 4641EEB4288797CB00B219F5 /* log.m */; };
		4641EEB928879C5900B219F5 /* CSVImporter in Frameworks */ = {isa = PBXBuildFile; productRef = 4641EEB828879C5900B219F5 /* CSVImporter */; };
		4641EEBD28879D8F00B219F5 /* diseases.txt in Resources */ = {isa = PBXBuildFile; fileRef = 4641EEBC28879D8F00B219F5 /* diseases.txt */; };
		4641EEBF28879DD400B219F5 /* drugs.txt in Resources */ = {isa = PBXBuildFile; fileRef = 4641EEBE28879DD400B219F5 /* drugs.txt */; };
		4641EEC12887A0F600B219F5 /* disdru.csv in Resources */ = {isa = PBXBuildFile; fileRef = 4641EEC02887A0F600B219F5 /* disdru.csv */; };
		4641EEC32887A2DA00B219F5 /* String+trim.swift in Sources */ = {isa = PBXBuildFile; fileRef = 4641EEC22887A2DA00B219F5 /* String+trim.swift */; };
		4641EEC52887A72D00B219F5 /* drugdetail.csv in Resources */ = {isa = PBXBuildFile; fileRef = 4641EEC42887A72D00B219F5 /* drugdetail.csv */; };
		4641EEC72887A78C00B219F5 /* RadioButton.swift in Sources */ = {isa = PBXBuildFile; fileRef = 4641EEC62887A78C00B219F5 /* RadioButton.swift */; };
		4641EEC92887A7A000B219F5 /* DrugDetail.swift in Sources */ = {isa = PBXBuildFile; fileRef = 4641EEC82887A7A000B219F5 /* DrugDetail.swift */; };
/* End PBXBuildFile section */

/* Begin PBXFileReference section */
		460820D82886964A00B6AA5C /* Medinology.app */ = {isa = PBXFileReference; explicitFileType = wrapper.application; includeInIndex = 0; path = Medinology.app; sourceTree = BUILT_PRODUCTS_DIR; };
		460820DB2886964A00B6AA5C /* MedinologyApp.swift */ = {isa = PBXFileReference; lastKnownFileType = sourcecode.swift; path = MedinologyApp.swift; sourceTree = "<group>"; };
		460820DD2886964A00B6AA5C /* ContentView.swift */ = {isa = PBXFileReference; lastKnownFileType = sourcecode.swift; path = ContentView.swift; sourceTree = "<group>"; };
		460820DF2886964B00B6AA5C /* Assets.xcassets */ = {isa = PBXFileReference; lastKnownFileType = folder.assetcatalog; path = Assets.xcassets; sourceTree = "<group>"; };
		460820E22886964B00B6AA5C /* Preview Assets.xcassets */ = {isa = PBXFileReference; lastKnownFileType = folder.assetcatalog; path = "Preview Assets.xcassets"; sourceTree = "<group>"; };
		460820E9288708FB00B6AA5C /* symptoms.txt */ = {isa = PBXFileReference; lastKnownFileType = text; path = symptoms.txt; sourceTree = "<group>"; };
		460820EB288710C900B6AA5C /* Medinology-Bridging-Header.h */ = {isa = PBXFileReference; lastKnownFileType = sourcecode.c.h; path = "Medinology-Bridging-Header.h"; sourceTree = "<group>"; };
		460820EC288710C900B6AA5C /* native_code.cpp */ = {isa = PBXFileReference; lastKnownFileType = sourcecode.cpp.cpp; path = native_code.cpp; sourceTree = "<group>"; };
		460820ED288710C900B6AA5C /* native_code.hpp */ = {isa = PBXFileReference; lastKnownFileType = sourcecode.cpp.h; path = native_code.hpp; sourceTree = "<group>"; };
		46082C2C2887124800B6AA5C /* native_code_wrapper.h */ = {isa = PBXFileReference; lastKnownFileType = sourcecode.c.h; path = native_code_wrapper.h; sourceTree = "<group>"; };
		46082C2D288712E500B6AA5C /* native_code_wrapper.m */ = {isa = PBXFileReference; lastKnownFileType = sourcecode.c.objc; path = native_code_wrapper.m; sourceTree = "<group>"; };
		46082C2F28878FBE00B6AA5C /* weights.txt */ = {isa = PBXFileReference; fileEncoding = 4; lastKnownFileType = text; path = weights.txt; sourceTree = "<group>"; };
		4641EEB4288797CB00B219F5 /* log.m */ = {isa = PBXFileReference; lastKnownFileType = sourcecode.c.objc; path = log.m; sourceTree = "<group>"; };
		4641EEB6288797E200B219F5 /* log.h */ = {isa = PBXFileReference; lastKnownFileType = sourcecode.c.h; path = log.h; sourceTree = "<group>"; };
		4641EEBC28879D8F00B219F5 /* diseases.txt */ = {isa = PBXFileReference; lastKnownFileType = text; path = diseases.txt; sourceTree = "<group>"; };
		4641EEBE28879DD400B219F5 /* drugs.txt */ = {isa = PBXFileReference; lastKnownFileType = text; path = drugs.txt; sourceTree = "<group>"; };
		4641EEC02887A0F600B219F5 /* disdru.csv */ = {isa = PBXFileReference; fileEncoding = 4; lastKnownFileType = text; path = disdru.csv; sourceTree = "<group>"; };
		4641EEC22887A2DA00B219F5 /* String+trim.swift */ = {isa = PBXFileReference; lastKnownFileType = sourcecode.swift; path = "String+trim.swift"; sourceTree = "<group>"; };
		4641EEC42887A72D00B219F5 /* drugdetail.csv */ = {isa = PBXFileReference; fileEncoding = 4; lastKnownFileType = text; path = drugdetail.csv; sourceTree = "<group>"; };
		4641EEC62887A78C00B219F5 /* RadioButton.swift */ = {isa = PBXFileReference; lastKnownFileType = sourcecode.swift; path = RadioButton.swift; sourceTree = "<group>"; };
		4641EEC82887A7A000B219F5 /* DrugDetail.swift */ = {isa = PBXFileReference; lastKnownFileType = sourcecode.swift; path = DrugDetail.swift; sourceTree = "<group>"; };
/* End PBXFileReference section */

/* Begin PBXFrameworksBuildPhase section */
		460820D52886964A00B6AA5C /* Frameworks */ = {
			isa = PBXFrameworksBuildPhase;
			buildActionMask = 2147483647;
			files = (
				4641EEB928879C5900B219F5 /* CSVImporter in Frameworks */,
			);
			runOnlyForDeploymentPostprocessing = 0;
		};
/* End PBXFrameworksBuildPhase section */

/* Begin PBXGroup section */
		460820CF2886964A00B6AA5C = {
			isa = PBXGroup;
			children = (
				460820DA2886964A00B6AA5C /* Medinology */,
				460820D92886964A00B6AA5C /* Products */,
			);
			sourceTree = "<group>";
		};
		460820D92886964A00B6AA5C /* Products */ = {
			isa = PBXGroup;
			children = (
				460820D82886964A00B6AA5C /* Medinology.app */,
			);
			name = Products;
			sourceTree = "<group>";
		};
		460820DA2886964A00B6AA5C /* Medinology */ = {
			isa = PBXGroup;
			children = (
				4641EEC42887A72D00B219F5 /* drugdetail.csv */,
				4641EEC02887A0F600B219F5 /* disdru.csv */,
				46082C2F28878FBE00B6AA5C /* weights.txt */,
				460820DB2886964A00B6AA5C /* MedinologyApp.swift */,
				460820DD2886964A00B6AA5C /* ContentView.swift */,
				460820DF2886964B00B6AA5C /* Assets.xcassets */,
				460820E12886964B00B6AA5C /* Preview Content */,
				460820E9288708FB00B6AA5C /* symptoms.txt */,
				460820EC288710C900B6AA5C /* native_code.cpp */,
				460820ED288710C900B6AA5C /* native_code.hpp */,
				460820EB288710C900B6AA5C /* Medinology-Bridging-Header.h */,
				46082C2C2887124800B6AA5C /* native_code_wrapper.h */,
				46082C2D288712E500B6AA5C /* native_code_wrapper.m */,
				4641EEB4288797CB00B219F5 /* log.m */,
				4641EEB6288797E200B219F5 /* log.h */,
				4641EEBC28879D8F00B219F5 /* diseases.txt */,
				4641EEBE28879DD400B219F5 /* drugs.txt */,
				4641EEC22887A2DA00B219F5 /* String+trim.swift */,
				4641EEC62887A78C00B219F5 /* RadioButton.swift */,
				4641EEC82887A7A000B219F5 /* DrugDetail.swift */,
			);
			path = Medinology;
			sourceTree = "<group>";
		};
		460820E12886964B00B6AA5C /* Preview Content */ = {
			isa = PBXGroup;
			children = (
				460820E22886964B00B6AA5C /* Preview Assets.xcassets */,
			);
			path = "Preview Content";
			sourceTree = "<group>";
		};
/* End PBXGroup section */

/* Begin PBXNativeTarget section */
		460820D72886964A00B6AA5C /* Medinology */ = {
			isa = PBXNativeTarget;
			buildConfigurationList = 460820E62886964B00B6AA5C /* Build configuration list for PBXNativeTarget "Medinology" */;
			buildPhases = (
				460820D42886964A00B6AA5C /* Sources */,
				460820D52886964A00B6AA5C /* Frameworks */,
				460820D62886964A00B6AA5C /* Resources */,
			);
			buildRules = (
			);
			dependencies = (
			);
			name = Medinology;
			packageProductDependencies = (
				4641EEB828879C5900B219F5 /* CSVImporter */,
			);
			productName = Medinology;
			productReference = 460820D82886964A00B6AA5C /* Medinology.app */;
			productType = "com.apple.product-type.application";
		};
/* End PBXNativeTarget section */

/* Begin PBXProject section */
		460820D02886964A00B6AA5C /* Project object */ = {
			isa = PBXProject;
			attributes = {
				BuildIndependentTargetsInParallel = 1;
				LastSwiftUpdateCheck = 1340;
				LastUpgradeCheck = 1340;
				TargetAttributes = {
					460820D72886964A00B6AA5C = {
						CreatedOnToolsVersion = 13.4.1;
						LastSwiftMigration = 1340;
					};
				};
			};
			buildConfigurationList = 460820D32886964A00B6AA5C /* Build configuration list for PBXProject "Medinology" */;
			compatibilityVersion = "Xcode 13.0";
			developmentRegion = en;
			hasScannedForEncodings = 0;
			knownRegions = (
				en,
				Base,
			);
			mainGroup = 460820CF2886964A00B6AA5C;
			packageReferences = (
				4641EEB728879C5900B219F5 /* XCRemoteSwiftPackageReference "CSVImporter" */,
			);
			productRefGroup = 460820D92886964A00B6AA5C /* Products */;
			projectDirPath = "";
			projectRoot = "";
			targets = (
				460820D72886964A00B6AA5C /* Medinology */,
			);
		};
/* End PBXProject section */

/* Begin PBXResourcesBuildPhase section */
		460820D62886964A00B6AA5C /* Resources */ = {
			isa = PBXResourcesBuildPhase;
			buildActionMask = 2147483647;
			files = (
				460820E32886964B00B6AA5C /* Preview Assets.xcassets in Resources */,
				4641EEBD28879D8F00B219F5 /* diseases.txt in Resources */,
				4641EEC12887A0F600B219F5 /* disdru.csv in Resources */,
				460820E02886964B00B6AA5C /* Assets.xcassets in Resources */,
				46082C3028878FBE00B6AA5C /* weights.txt in Resources */,
				4641EEC52887A72D00B219F5 /* drugdetail.csv in Resources */,
				4641EEBF28879DD400B219F5 /* drugs.txt in Resources */,
				460820EA288708FB00B6AA5C /* symptoms.txt in Resources */,
			);
			runOnlyForDeploymentPostprocessing = 0;
		};
/* End PBXResourcesBuildPhase section */

/* Begin PBXSourcesBuildPhase section */
		460820D42886964A00B6AA5C /* Sources */ = {
			isa = PBXSourcesBuildPhase;
			buildActionMask = 2147483647;
			files = (
				4641EEC92887A7A000B219F5 /* DrugDetail.swift in Sources */,
				460820EE288710C900B6AA5C /* native_code.cpp in Sources */,
				4641EEC72887A78C00B219F5 /* RadioButton.swift in Sources */,
				46082C2E288712E500B6AA5C /* native_code_wrapper.m in Sources */,
				4641EEC32887A2DA00B219F5 /* String+trim.swift in Sources */,
				4641EEB5288797CB00B219F5 /* log.m in Sources */,
				460820DE2886964A00B6AA5C /* ContentView.swift in Sources */,
				460820DC2886964A00B6AA5C /* MedinologyApp.swift in Sources */,
			);
			runOnlyForDeploymentPostprocessing = 0;
		};
/* End PBXSourcesBuildPhase section */

/* Begin XCBuildConfiguration section */
		460820E42886964B00B6AA5C /* Debug */ = {
			isa = XCBuildConfiguration;
			buildSettings = {
				ALWAYS_SEARCH_USER_PATHS = NO;
				CLANG_ANALYZER_NONNULL = YES;
				CLANG_ANALYZER_NUMBER_OBJECT_CONVERSION = YES_AGGRESSIVE;
				CLANG_CXX_LANGUAGE_STANDARD = "gnu++17";
				CLANG_ENABLE_MODULES = YES;
				CLANG_ENABLE_OBJC_ARC = YES;
				CLANG_ENABLE_OBJC_WEAK = YES;
				CLANG_WARN_BLOCK_CAPTURE_AUTORELEASING = YES;
				CLANG_WARN_BOOL_CONVERSION = YES;
				CLANG_WARN_COMMA = YES;
				CLANG_WARN_CONSTANT_CONVERSION = YES;
				CLANG_WARN_DEPRECATED_OBJC_IMPLEMENTATIONS = YES;
				CLANG_WARN_DIRECT_OBJC_ISA_USAGE = YES_ERROR;
				CLANG_WARN_DOCUMENTATION_COMMENTS = YES;
				CLANG_WARN_EMPTY_BODY = YES;
				CLANG_WARN_ENUM_CONVERSION = YES;
				CLANG_WARN_INFINITE_RECURSION = YES;
				CLANG_WARN_INT_CONVERSION = YES;
				CLANG_WARN_NON_LITERAL_NULL_CONVERSION = YES;
				CLANG_WARN_OBJC_IMPLICIT_RETAIN_SELF = YES;
				CLANG_WARN_OBJC_LITERAL_CONVERSION = YES;
				CLANG_WARN_OBJC_ROOT_CLASS = YES_ERROR;
				CLANG_WARN_QUOTED_INCLUDE_IN_FRAMEWORK_HEADER = YES;
				CLANG_WARN_RANGE_LOOP_ANALYSIS = YES;
				CLANG_WARN_STRICT_PROTOTYPES = YES;
				CLANG_WARN_SUSPICIOUS_MOVE = YES;
				CLANG_WARN_UNGUARDED_AVAILABILITY = YES_AGGRESSIVE;
				CLANG_WARN_UNREACHABLE_CODE = YES;
				CLANG_WARN__DUPLICATE_METHOD_MATCH = YES;
				COPY_PHASE_STRIP = NO;
				DEBUG_INFORMATION_FORMAT = dwarf;
				ENABLE_STRICT_OBJC_MSGSEND = YES;
				ENABLE_TESTABILITY = YES;
				GCC_C_LANGUAGE_STANDARD = gnu11;
				GCC_DYNAMIC_NO_PIC = NO;
				GCC_NO_COMMON_BLOCKS = YES;
				GCC_OPTIMIZATION_LEVEL = 0;
				GCC_PREPROCESSOR_DEFINITIONS = (
					"DEBUG=1",
					"$(inherited)",
				);
				GCC_WARN_64_TO_32_BIT_CONVERSION = YES;
				GCC_WARN_ABOUT_RETURN_TYPE = YES_ERROR;
				GCC_WARN_UNDECLARED_SELECTOR = YES;
				GCC_WARN_UNINITIALIZED_AUTOS = YES_AGGRESSIVE;
				GCC_WARN_UNUSED_FUNCTION = YES;
				GCC_WARN_UNUSED_VARIABLE = YES;
				IPHONEOS_DEPLOYMENT_TARGET = 15.5;
				MTL_ENABLE_DEBUG_INFO = INCLUDE_SOURCE;
				MTL_FAST_MATH = YES;
				ONLY_ACTIVE_ARCH = YES;
				SDKROOT = iphoneos;
				SWIFT_ACTIVE_COMPILATION_CONDITIONS = DEBUG;
				SWIFT_OPTIMIZATION_LEVEL = "-Onone";
			};
			name = Debug;
		};
		460820E52886964B00B6AA5C /* Release */ = {
			isa = XCBuildConfiguration;
			buildSettings = {
				ALWAYS_SEARCH_USER_PATHS = NO;
				CLANG_ANALYZER_NONNULL = YES;
				CLANG_ANALYZER_NUMBER_OBJECT_CONVERSION = YES_AGGRESSIVE;
				CLANG_CXX_LANGUAGE_STANDARD = "gnu++17";
				CLANG_ENABLE_MODULES = YES;
				CLANG_ENABLE_OBJC_ARC = YES;
				CLANG_ENABLE_OBJC_WEAK = YES;
				CLANG_WARN_BLOCK_CAPTURE_AUTORELEASING = YES;
				CLANG_WARN_BOOL_CONVERSION = YES;
				CLANG_WARN_COMMA = YES;
				CLANG_WARN_CONSTANT_CONVERSION = YES;
				CLANG_WARN_DEPRECATED_OBJC_IMPLEMENTATIONS = YES;
				CLANG_WARN_DIRECT_OBJC_ISA_USAGE = YES_ERROR;
				CLANG_WARN_DOCUMENTATION_COMMENTS = YES;
				CLANG_WARN_EMPTY_BODY = YES;
				CLANG_WARN_ENUM_CONVERSION = YES;
				CLANG_WARN_INFINITE_RECURSION = YES;
				CLANG_WARN_INT_CONVERSION = YES;
				CLANG_WARN_NON_LITERAL_NULL_CONVERSION = YES;
				CLANG_WARN_OBJC_IMPLICIT_RETAIN_SELF = YES;
				CLANG_WARN_OBJC_LITERAL_CONVERSION = YES;
				CLANG_WARN_OBJC_ROOT_CLASS = YES_ERROR;
				CLANG_WARN_QUOTED_INCLUDE_IN_FRAMEWORK_HEADER = YES;
				CLANG_WARN_RANGE_LOOP_ANALYSIS = YES;
				CLANG_WARN_STRICT_PROTOTYPES = YES;
				CLANG_WARN_SUSPICIOUS_MOVE = YES;
				CLANG_WARN_UNGUARDED_AVAILABILITY = YES_AGGRESSIVE;
				CLANG_WARN_UNREACHABLE_CODE = YES;
				CLANG_WARN__DUPLICATE_METHOD_MATCH = YES;
				COPY_PHASE_STRIP = NO;
				DEBUG_INFORMATION_FORMAT = "dwarf-with-dsym";
				ENABLE_NS_ASSERTIONS = NO;
				ENABLE_STRICT_OBJC_MSGSEND = YES;
				GCC_C_LANGUAGE_STANDARD = gnu11;
				GCC_NO_COMMON_BLOCKS = YES;
				GCC_WARN_64_TO_32_BIT_CONVERSION = YES;
				GCC_WARN_ABOUT_RETURN_TYPE = YES_ERROR;
				GCC_WARN_UNDECLARED_SELECTOR = YES;
				GCC_WARN_UNINITIALIZED_AUTOS = YES_AGGRESSIVE;
				GCC_WARN_UNUSED_FUNCTION = YES;
				GCC_WARN_UNUSED_VARIABLE = YES;
				IPHONEOS_DEPLOYMENT_TARGET = 15.5;
				MTL_ENABLE_DEBUG_INFO = NO;
				MTL_FAST_MATH = YES;
				SDKROOT = iphoneos;
				SWIFT_COMPILATION_MODE = wholemodule;
				SWIFT_OPTIMIZATION_LEVEL = "-O";
				VALIDATE_PRODUCT = YES;
			};
			name = Release;
		};
		460820E72886964B00B6AA5C /* Debug */ = {
			isa = XCBuildConfiguration;
			buildSettings = {
				ASSETCATALOG_COMPILER_APPICON_NAME = AppIcon;
				ASSETCATALOG_COMPILER_GLOBAL_ACCENT_COLOR_NAME = AccentColor;
				CLANG_ENABLE_MODULES = YES;
				CODE_SIGN_STYLE = Automatic;
				CURRENT_PROJECT_VERSION = 1;
				DEVELOPMENT_ASSET_PATHS = "\"Medinology/Preview Content\"";
				DEVELOPMENT_TEAM = 3N93KR434F;
				ENABLE_PREVIEWS = YES;
				GENERATE_INFOPLIST_FILE = YES;
				INFOPLIST_KEY_UIApplicationSceneManifest_Generation = YES;
				INFOPLIST_KEY_UIApplicationSupportsIndirectInputEvents = YES;
				INFOPLIST_KEY_UILaunchScreen_Generation = YES;
				INFOPLIST_KEY_UISupportedInterfaceOrientations_iPad = "UIInterfaceOrientationPortrait UIInterfaceOrientationPortraitUpsideDown UIInterfaceOrientationLandscapeLeft UIInterfaceOrientationLandscapeRight";
				INFOPLIST_KEY_UISupportedInterfaceOrientations_iPhone = "UIInterfaceOrientationPortrait UIInterfaceOrientationLandscapeLeft UIInterfaceOrientationLandscapeRight";
				LD_RUNPATH_SEARCH_PATHS = (
					"$(inherited)",
					"@executable_path/Frameworks",
				);
				MARKETING_VERSION = 1.0;
				PRODUCT_BUNDLE_IDENTIFIER = com.kyhsgeekcode.Medinology;
				PRODUCT_NAME = "$(TARGET_NAME)";
				SWIFT_EMIT_LOC_STRINGS = YES;
				SWIFT_OBJC_BRIDGING_HEADER = "Medinology/Medinology-Bridging-Header.h";
				SWIFT_OPTIMIZATION_LEVEL = "-Onone";
				SWIFT_VERSION = 5.0;
				TARGETED_DEVICE_FAMILY = "1,2";
			};
			name = Debug;
		};
		460820E82886964B00B6AA5C /* Release */ = {
			isa = XCBuildConfiguration;
			buildSettings = {
				ASSETCATALOG_COMPILER_APPICON_NAME = AppIcon;
				ASSETCATALOG_COMPILER_GLOBAL_ACCENT_COLOR_NAME = AccentColor;
				CLANG_ENABLE_MODULES = YES;
				CODE_SIGN_STYLE = Automatic;
				CURRENT_PROJECT_VERSION = 1;
				DEVELOPMENT_ASSET_PATHS = "\"Medinology/Preview Content\"";
				DEVELOPMENT_TEAM = 3N93KR434F;
				ENABLE_PREVIEWS = YES;
				GENERATE_INFOPLIST_FILE = YES;
				INFOPLIST_KEY_UIApplicationSceneManifest_Generation = YES;
				INFOPLIST_KEY_UIApplicationSupportsIndirectInputEvents = YES;
				INFOPLIST_KEY_UILaunchScreen_Generation = YES;
				INFOPLIST_KEY_UISupportedInterfaceOrientations_iPad = "UIInterfaceOrientationPortrait UIInterfaceOrientationPortraitUpsideDown UIInterfaceOrientationLandscapeLeft UIInterfaceOrientationLandscapeRight";
				INFOPLIST_KEY_UISupportedInterfaceOrientations_iPhone = "UIInterfaceOrientationPortrait UIInterfaceOrientationLandscapeLeft UIInterfaceOrientationLandscapeRight";
				LD_RUNPATH_SEARCH_PATHS = (
					"$(inherited)",
					"@executable_path/Frameworks",
				);
				MARKETING_VERSION = 1.0;
				PRODUCT_BUNDLE_IDENTIFIER = com.kyhsgeekcode.Medinology;
				PRODUCT_NAME = "$(TARGET_NAME)";
				SWIFT_EMIT_LOC_STRINGS = YES;
				SWIFT_OBJC_BRIDGING_HEADER = "Medinology/Medinology-Bridging-Header.h";
				SWIFT_VERSION = 5.0;
				TARGETED_DEVICE_FAMILY = "1,2";
			};
			name = Release;
		};
/* End XCBuildConfiguration section */

/* Begin XCConfigurationList section */
		460820D32886964A00B6AA5C /* Build configuration list for PBXProject "Medinology" */ = {
			isa = XCConfigurationList;
			buildConfigurations = (
				460820E42886964B00B6AA5C /* Debug */,
				460820E52886964B00B6AA5C /* Release */,
			);
			defaultConfigurationIsVisible = 0;
			defaultConfigurationName = Release;
		};
		460820E62886964B00B6AA5C /* Build configuration list for PBXNativeTarget "Medinology" */ = {
			isa = XCConfigurationList;
			buildConfigurations = (
				460820E72886964B00B6AA5C /* Debug */,
				460820E82886964B00B6AA5C /* Release */,
			);
			defaultConfigurationIsVisible = 0;
			defaultConfigurationName = Release;
		};
/* End XCConfigurationList section */

/* Begin XCRemoteSwiftPackageReference section */
		4641EEB728879C5900B219F5 /* XCRemoteSwiftPackageReference "CSVImporter" */ = {
			isa = XCRemoteSwiftPackageReference;
			repositoryURL = "https://github.com/FlineDev/CSVImporter";
			requirement = {
				kind = upToNextMajorVersion;
				minimumVersion = 1.0.0;
			};
		};
/* End XCRemoteSwiftPackageReference section */

/* Begin XCSwiftPackageProductDependency section */
		4641EEB828879C5900B219F5 /* CSVImporter */ = {
			isa = XCSwiftPackageProductDependency;
			package = 4641EEB728879C5900B219F5 /* XCRemoteSwiftPackageReference "CSVImporter" */;
			productName = CSVImporter;
		};
/* End XCSwiftPackageProductDependency section */
	};
	rootObject = 460820D02886964A00B6AA5C /* Project object */;
}
